// !$*UTF8*$!
{
	archiveVersion = 1;
	classes = {
	};
	objectVersion = 46;
	objects = {

/* Begin PBXBuildFile section */
		B5D1C58A1945830300A51310 /* main.swift in Sources */ = {isa = PBXBuildFile; fileRef = B5D1C5891945830300A51310 /* main.swift */; };
		B5D1C58C1945830300A51310 /* Document.swift in Sources */ = {isa = PBXBuildFile; fileRef = B5D1C58B1945830300A51310 /* Document.swift */; };
		B5D1C58F1945830300A51310 /* Document.xib in Resources */ = {isa = PBXBuildFile; fileRef = B5D1C58D1945830300A51310 /* Document.xib */; };
		B5D1C5911945830300A51310 /* Images.xcassets in Resources */ = {isa = PBXBuildFile; fileRef = B5D1C5901945830300A51310 /* Images.xcassets */; };
		B5D1C5941945830300A51310 /* MainMenu.xib in Resources */ = {isa = PBXBuildFile; fileRef = B5D1C5921945830300A51310 /* MainMenu.xib */; };
		B5D1C5A01945830300A51310 /* testTests.swift in Sources */ = {isa = PBXBuildFile; fileRef = B5D1C59F1945830300A51310 /* testTests.swift */; };
/* End PBXBuildFile section */

/* Begin PBXContainerItemProxy section */
		B5D1C59A1945830300A51310 /* PBXContainerItemProxy */ = {
			isa = PBXContainerItemProxy;
			containerPortal = B5D1C57C1945830300A51310 /* Project object */;
			proxyType = 1;
			remoteGlobalIDString = B5D1C5831945830300A51310;
			remoteInfo = test;
		};
/* End PBXContainerItemProxy section */

/* Begin PBXFileReference section */
		B5D1C5841945830300A51310 /* test.app */ = {isa = PBXFileReference; explicitFileType = wrapper.application; includeInIndex = 0; path = test.app; sourceTree = BUILT_PRODUCTS_DIR; };
		B5D1C5881945830300A51310 /* Info.plist */ = {isa = PBXFileReference; lastKnownFileType = text.plist.xml; path = Info.plist; sourceTree = "<group>"; };
		B5D1C5891945830300A51310 /* main.swift */ = {isa = PBXFileReference; lastKnownFileType = sourcecode.swift; path = main.swift; sourceTree = "<group>"; };
		B5D1C58B1945830300A51310 /* Document.swift */ = {isa = PBXFileReference; lastKnownFileType = sourcecode.swift; path = Document.swift; sourceTree = "<group>"; };
		B5D1C58E1945830300A51310 /* Base */ = {isa = PBXFileReference; lastKnownFileType = file.xib; name = Base; path = Base.lproj/Document.xib; sourceTree = "<group>"; };
		B5D1C5901945830300A51310 /* Images.xcassets */ = {isa = PBXFileReference; lastKnownFileType = folder.assetcatalog; path = Images.xcassets; sourceTree = "<group>"; };
		B5D1C5931945830300A51310 /* Base */ = {isa = PBXFileReference; lastKnownFileType = file.xib; name = Base; path = Base.lproj/MainMenu.xib; sourceTree = "<group>"; };
		B5D1C5991945830300A51310 /* testTests.xctest */ = {isa = PBXFileReference; explicitFileType = wrapper.cfbundle; includeInIndex = 0; path = testTests.xctest; sourceTree = BUILT_PRODUCTS_DIR; };
		B5D1C59E1945830300A51310 /* Info.plist */ = {isa = PBXFileReference; lastKnownFileType = text.plist.xml; path = Info.plist; sourceTree = "<group>"; };
		B5D1C59F1945830300A51310 /* testTests.swift */ = {isa = PBXFileReference; lastKnownFileType = sourcecode.swift; path = testTests.swift; sourceTree = "<group>"; };
/* End PBXFileReference section */

/* Begin PBXFrameworksBuildPhase section */
		B5D1C5811945830300A51310 /* Frameworks */ = {
			isa = PBXFrameworksBuildPhase;
			buildActionMask = 2147483647;
			files = (
			);
			runOnlyForDeploymentPostprocessing = 0;
		};
		B5D1C5961945830300A51310 /* Frameworks */ = {
			isa = PBXFrameworksBuildPhase;
			buildActionMask = 2147483647;
			files = (
			);
			runOnlyForDeploymentPostprocessing = 0;
		};
/* End PBXFrameworksBuildPhase section */

/* Begin PBXGroup section */
		B5D1C57B1945830300A51310 = {
			isa = PBXGroup;
			children = (
				B5D1C5861945830300A51310 /* test */,
				B5D1C59C1945830300A51310 /* testTests */,
				B5D1C5851945830300A51310 /* Products */,
			);
			sourceTree = "<group>";
		};
		B5D1C5851945830300A51310 /* Products */ = {
			isa = PBXGroup;
			children = (
				B5D1C5841945830300A51310 /* test.app */,
				B5D1C5991945830300A51310 /* testTests.xctest */,
			);
			name = Products;
			sourceTree = "<group>";
		};
		B5D1C5861945830300A51310 /* test */ = {
			isa = PBXGroup;
			children = (
				B5D1C58B1945830300A51310 /* Document.swift */,
				B5D1C58D1945830300A51310 /* Document.xib */,
				B5D1C5901945830300A51310 /* Images.xcassets */,
				B5D1C5921945830300A51310 /* MainMenu.xib */,
				B5D1C5871945830300A51310 /* Supporting Files */,
			);
			path = test;
			sourceTree = "<group>";
		};
		B5D1C5871945830300A51310 /* Supporting Files */ = {
			isa = PBXGroup;
			children = (
				B5D1C5881945830300A51310 /* Info.plist */,
				B5D1C5891945830300A51310 /* main.swift */,
			);
			name = "Supporting Files";
			sourceTree = "<group>";
		};
		B5D1C59C1945830300A51310 /* testTests */ = {
			isa = PBXGroup;
			children = (
				B5D1C59F1945830300A51310 /* testTests.swift */,
				B5D1C59D1945830300A51310 /* Supporting Files */,
			);
			path = testTests;
			sourceTree = "<group>";
		};
		B5D1C59D1945830300A51310 /* Supporting Files */ = {
			isa = PBXGroup;
			children = (
				B5D1C59E1945830300A51310 /* Info.plist */,
			);
			name = "Supporting Files";
			sourceTree = "<group>";
		};
/* End PBXGroup section */

/* Begin PBXNativeTarget section */
		B5D1C5831945830300A51310 /* test */ = {
			isa = PBXNativeTarget;
			buildConfigurationList = B5D1C5A31945830300A51310 /* Build configuration list for PBXNativeTarget "test" */;
			buildPhases = (
				B5D1C5801945830300A51310 /* Sources */,
				B5D1C5811945830300A51310 /* Frameworks */,
				B5D1C5821945830300A51310 /* Resources */,
			);
			buildRules = (
			);
			dependencies = (
			);
			name = test;
			productName = test;
			productReference = B5D1C5841945830300A51310 /* test.app */;
			productType = "com.apple.product-type.application";
		};
		B5D1C5981945830300A51310 /* testTests */ = {
			isa = PBXNativeTarget;
			buildConfigurationList = B5D1C5A61945830300A51310 /* Build configuration list for PBXNativeTarget "testTests" */;
			buildPhases = (
				B5D1C5951945830300A51310 /* Sources */,
				B5D1C5961945830300A51310 /* Frameworks */,
				B5D1C5971945830300A51310 /* Resources */,
			);
			buildRules = (
			);
			dependencies = (
				B5D1C59B1945830300A51310 /* PBXTargetDependency */,
			);
			name = testTests;
			productName = testTests;
			productReference = B5D1C5991945830300A51310 /* testTests.xctest */;
			productType = "com.apple.product-type.bundle.unit-test";
		};
/* End PBXNativeTarget section */

/* Begin PBXProject section */
		B5D1C57C1945830300A51310 /* Project object */ = {
			isa = PBXProject;
			attributes = {
				LastUpgradeCheck = 0600;
				ORGANIZATIONNAME = appeme;
				TargetAttributes = {
					B5D1C5831945830300A51310 = {
						CreatedOnToolsVersion = 6.0;
					};
					B5D1C5981945830300A51310 = {
						CreatedOnToolsVersion = 6.0;
						TestTargetID = B5D1C5831945830300A51310;
					};
				};
			};
			buildConfigurationList = B5D1C57F1945830300A51310 /* Build configuration list for PBXProject "test" */;
			compatibilityVersion = "Xcode 3.2";
			developmentRegion = English;
			hasScannedForEncodings = 0;
			knownRegions = (
				en,
				Base,
			);
			mainGroup = B5D1C57B1945830300A51310;
			productRefGroup = B5D1C5851945830300A51310 /* Products */;
			projectDirPath = "";
			projectRoot = "";
			targets = (
				B5D1C5831945830300A51310 /* test */,
				B5D1C5981945830300A51310 /* testTests */,
			);
		};
/* End PBXProject section */

/* Begin PBXResourcesBuildPhase section */
		B5D1C5821945830300A51310 /* Resources */ = {
			isa = PBXResourcesBuildPhase;
			buildActionMask = 2147483647;
			files = (
				B5D1C58F1945830300A51310 /* Document.xib in Resources */,
				B5D1C5911945830300A51310 /* Images.xcassets in Resources */,
				B5D1C5941945830300A51310 /* MainMenu.xib in Resources */,
			);
			runOnlyForDeploymentPostprocessing = 0;
		};
		B5D1C5971945830300A51310 /* Resources */ = {
			isa = PBXResourcesBuildPhase;
			buildActionMask = 2147483647;
			files = (
			);
			runOnlyForDeploymentPostprocessing = 0;
		};
/* End PBXResourcesBuildPhase section */

/* Begin PBXSourcesBuildPhase section */
		B5D1C5801945830300A51310 /* Sources */ = {
			isa = PBXSourcesBuildPhase;
			buildActionMask = 2147483647;
			files = (
				B5D1C58C1945830300A51310 /* Document.swift in Sources */,
				B5D1C58A1945830300A51310 /* main.swift in Sources */,
			);
			runOnlyForDeploymentPostprocessing = 0;
		};
		B5D1C5951945830300A51310 /* Sources */ = {
			isa = PBXSourcesBuildPhase;
			buildActionMask = 2147483647;
			files = (
				B5D1C5A01945830300A51310 /* testTests.swift in Sources */,
			);
			runOnlyForDeploymentPostprocessing = 0;
		};
/* End PBXSourcesBuildPhase section */

/* Begin PBXTargetDependency section */
		B5D1C59B1945830300A51310 /* PBXTargetDependency */ = {
			isa = PBXTargetDependency;
			target = B5D1C5831945830300A51310 /* test */;
			targetProxy = B5D1C59A1945830300A51310 /* PBXContainerItemProxy */;
		};
/* End PBXTargetDependency section */

/* Begin PBXVariantGroup section */
		B5D1C58D1945830300A51310 /* Document.xib */ = {
			isa = PBXVariantGroup;
			children = (
				B5D1C58E1945830300A51310 /* Base */,
			);
			name = Document.xib;
			sourceTree = "<group>";
		};
		B5D1C5921945830300A51310 /* MainMenu.xib */ = {
			isa = PBXVariantGroup;
			children = (
				B5D1C5931945830300A51310 /* Base */,
			);
			name = MainMenu.xib;
			sourceTree = "<group>";
		};
/* End PBXVariantGroup section */

/* Begin XCBuildConfiguration section */
		B5D1C5A11945830300A51310 /* Debug */ = {
			isa = XCBuildConfiguration;
			buildSettings = {
				ALWAYS_SEARCH_USER_PATHS = NO;
				CLANG_CXX_LANGUAGE_STANDARD = "gnu++0x";
				CLANG_CXX_LIBRARY = "libc++";
				CLANG_ENABLE_MODULES = YES;
				CLANG_ENABLE_OBJC_ARC = YES;
				CLANG_WARN_BOOL_CONVERSION = YES;
				CLANG_WARN_CONSTANT_CONVERSION = YES;
				CLANG_WARN_DIRECT_OBJC_ISA_USAGE = YES_ERROR;
				CLANG_WARN_EMPTY_BODY = YES;
				CLANG_WARN_ENUM_CONVERSION = YES;
				CLANG_WARN_INT_CONVERSION = YES;
				CLANG_WARN_OBJC_ROOT_CLASS = YES_ERROR;
				CLANG_WARN_UNREACHABLE_CODE = YES;
				CLANG_WARN__DUPLICATE_METHOD_MATCH = YES;
				CODE_SIGN_IDENTITY = "-";
				COPY_PHASE_STRIP = NO;
				ENABLE_STRICT_OBJC_MSGSEND = YES;
				GCC_C_LANGUAGE_STANDARD = gnu99;
				GCC_DYNAMIC_NO_PIC = NO;
				GCC_OPTIMIZATION_LEVEL = 0;
				GCC_PREPROCESSOR_DEFINITIONS = (
					"DEBUG=1",
					"$(inherited)",
				);
				GCC_SYMBOLS_PRIVATE_EXTERN = NO;
				GCC_WARN_64_TO_32_BIT_CONVERSION = YES;
				GCC_WARN_ABOUT_RETURN_TYPE = YES_ERROR;
				GCC_WARN_UNDECLARED_SELECTOR = YES;
				GCC_WARN_UNINITIALIZED_AUTOS = YES_AGGRESSIVE;
				GCC_WARN_UNUSED_FUNCTION = YES;
				GCC_WARN_UNUSED_VARIABLE = YES;
				MACOSX_DEPLOYMENT_TARGET = 10.9;
				METAL_ENABLE_DEBUG_INFO = YES;
				ONLY_ACTIVE_ARCH = YES;
				SDKROOT = macosx;
				SWIFT_OPTIMIZATION_LEVEL = "-Onone";
			};
			name = Debug;
		};
		B5D1C5A21945830300A51310 /* Release */ = {
			isa = XCBuildConfiguration;
			buildSettings = {
				ALWAYS_SEARCH_USER_PATHS = NO;
				CLANG_CXX_LANGUAGE_STANDARD = "gnu++0x";
				CLANG_CXX_LIBRARY = "libc++";
				CLANG_ENABLE_MODULES = YES;
				CLANG_ENABLE_OBJC_ARC = YES;
				CLANG_WARN_BOOL_CONVERSION = YES;
				CLANG_WARN_CONSTANT_CONVERSION = YES;
				CLANG_WARN_DIRECT_OBJC_ISA_USAGE = YES_ERROR;
				CLANG_WARN_EMPTY_BODY = YES;
				CLANG_WARN_ENUM_CONVERSION = YES;
				CLANG_WARN_INT_CONVERSION = YES;
				CLANG_WARN_OBJC_ROOT_CLASS = YES_ERROR;
				CLANG_WARN_UNREACHABLE_CODE = YES;
				CLANG_WARN__DUPLICATE_METHOD_MATCH = YES;
				CODE_SIGN_IDENTITY = "-";
				COPY_PHASE_STRIP = YES;
				DEBUG_INFORMATION_FORMAT = "dwarf-with-dsym";
				ENABLE_NS_ASSERTIONS = NO;
				ENABLE_STRICT_OBJC_MSGSEND = YES;
				GCC_C_LANGUAGE_STANDARD = gnu99;
				GCC_WARN_64_TO_32_BIT_CONVERSION = YES;
				GCC_WARN_ABOUT_RETURN_TYPE = YES_ERROR;
				GCC_WARN_UNDECLARED_SELECTOR = YES;
				GCC_WARN_UNINITIALIZED_AUTOS = YES_AGGRESSIVE;
				GCC_WARN_UNUSED_FUNCTION = YES;
				GCC_WARN_UNUSED_VARIABLE = YES;
				MACOSX_DEPLOYMENT_TARGET = 10.9;
				METAL_ENABLE_DEBUG_INFO = NO;
				SDKROOT = macosx;
			};
			name = Release;
		};
		B5D1C5A41945830300A51310 /* Debug */ = {
			isa = XCBuildConfiguration;
			buildSettings = {
				ASSETCATALOG_COMPILER_APPICON_NAME = AppIcon;
				COMBINE_HIDPI_IMAGES = YES;
				INFOPLIST_FILE = test/Info.plist;
				LD_RUNPATH_SEARCH_PATHS = "$(inherited) @executable_path/../Frameworks";
				PRODUCT_NAME = "$(TARGET_NAME)";
			};
			name = Debug;
		};
		B5D1C5A51945830300A51310 /* Release */ = {
			isa = XCBuildConfiguration;
			buildSettings = {
				ASSETCATALOG_COMPILER_APPICON_NAME = AppIcon;
				COMBINE_HIDPI_IMAGES = YES;
				INFOPLIST_FILE = test/Info.plist;
				LD_RUNPATH_SEARCH_PATHS = "$(inherited) @executable_path/../Frameworks";
				PRODUCT_NAME = "$(TARGET_NAME)";
			};
			name = Release;
		};
		B5D1C5A71945830300A51310 /* Debug */ = {
			isa = XCBuildConfiguration;
			buildSettings = {
				BUNDLE_LOADER = "$(BUILT_PRODUCTS_DIR)/test.app/Contents/MacOS/test";
				COMBINE_HIDPI_IMAGES = YES;
				FRAMEWORK_SEARCH_PATHS = (
					"$(DEVELOPER_FRAMEWORKS_DIR)",
					"$(inherited)",
				);
				GCC_PREPROCESSOR_DEFINITIONS = (
					"DEBUG=1",
					"$(inherited)",
				);
				INFOPLIST_FILE = testTests/Info.plist;
				LD_RUNPATH_SEARCH_PATHS = "$(inherited) @executable_path/../Frameworks @loader_path/../Frameworks";
				METAL_ENABLE_DEBUG_INFO = YES;
				PRODUCT_NAME = "$(TARGET_NAME)";
				TEST_HOST = "$(BUNDLE_LOADER)";
			};
			name = Debug;
		};
		B5D1C5A81945830300A51310 /* Release */ = {
			isa = XCBuildConfiguration;
			buildSettings = {
				BUNDLE_LOADER = "$(BUILT_PRODUCTS_DIR)/test.app/Contents/MacOS/test";
				COMBINE_HIDPI_IMAGES = YES;
				FRAMEWORK_SEARCH_PATHS = (
					"$(DEVELOPER_FRAMEWORKS_DIR)",
					"$(inherited)",
				);
				INFOPLIST_FILE = testTests/Info.plist;
				LD_RUNPATH_SEARCH_PATHS = "$(inherited) @executable_path/../Frameworks @loader_path/../Frameworks";
				METAL_ENABLE_DEBUG_INFO = NO;
				PRODUCT_NAME = "$(TARGET_NAME)";
				TEST_HOST = "$(BUNDLE_LOADER)";
			};
			name = Release;
		};
/* End XCBuildConfiguration section */

/* Begin XCConfigurationList section */
		B5D1C57F1945830300A51310 /* Build configuration list for PBXProject "test" */ = {
			isa = XCConfigurationList;
			buildConfigurations = (
				B5D1C5A11945830300A51310 /* Debug */,
				B5D1C5A21945830300A51310 /* Release */,
			);
			defaultConfigurationIsVisible = 0;
			defaultConfigurationName = Release;
		};
		B5D1C5A31945830300A51310 /* Build configuration list for PBXNativeTarget "test" */ = {
			isa = XCConfigurationList;
			buildConfigurations = (
				B5D1C5A41945830300A51310 /* Debug */,
				B5D1C5A51945830300A51310 /* Release */,
			);
			defaultConfigurationIsVisible = 0;
		};
		B5D1C5A61945830300A51310 /* Build configuration list for PBXNativeTarget "testTests" */ = {
			isa = XCConfigurationList;
			buildConfigurations = (
				B5D1C5A71945830300A51310 /* Debug */,
				B5D1C5A81945830300A51310 /* Release */,
			);
			defaultConfigurationIsVisible = 0;
		};
/* End XCConfigurationList section */
	};
	rootObject = B5D1C57C1945830300A51310 /* Project object */;
}
